
Microsoft Visual Studio Solution File, Format Version 12.00
# Visual Studio 2012
Project("{FAE04EC0-301F-11D3-BF4B-00C04F79EFBC}") = "SignalRClientWPF", "SignalRClientWPF\SignalRClientWPF.csproj", "{F832725E-A4F4-4C61-BE86-F80A94451C93}"
EndProject
Global
	GlobalSection(SolutionConfigurationPlatforms) = preSolution
		Debug|Any CPU = Debug|Any CPU
		Release|Any CPU = Release|Any CPU
	EndGlobalSection
	GlobalSection(ProjectConfigurationPlatforms) = postSolution
		{F832725E-A4F4-4C61-BE86-F80A94451C93}.Debug|Any CPU.ActiveCfg = Debug|Any CPU
		{F832725E-A4F4-4C61-BE86-F80A94451C93}.Debug|Any CPU.Build.0 = Debug|Any CPU
		{F832725E-A4F4-4C61-BE86-F80A94451C93}.Release|Any CPU.ActiveCfg = Release|Any CPU
		{F832725E-A4F4-4C61-BE86-F80A94451C93}.Release|Any CPU.Build.0 = Release|Any CPU
	EndGlobalSection
	GlobalSection(SolutionProperties) = preSolution
		HideSolutionNode = FALSE
	EndGlobalSection
EndGlobal
